
Microsoft Visual Studio Solution File, Format Version 12.00
# Visual Studio Version 16
VisualStudioVersion = 16.0.31515.178
MinimumVisualStudioVersion = 10.0.40219.1
Project("{FAE04EC0-301F-11D3-BF4B-00C04F79EFBC}") = "Atividade.StringBuilder", "Atividade.StringBuilder.csproj", "{24079A5D-7F04-4462-AA08-951501D6AAC8}"
EndProject
Global
	GlobalSection(SolutionConfigurationPlatforms) = preSolution
		Debug|Any CPU = Debug|Any CPU
		Release|Any CPU = Release|Any CPU
	EndGlobalSection
	GlobalSection(ProjectConfigurationPlatforms) = postSolution
		{24079A5D-7F04-4462-AA08-951501D6AAC8}.Debug|Any CPU.ActiveCfg = Debug|Any CPU
		{24079A5D-7F04-4462-AA08-951501D6AAC8}.Debug|Any CPU.Build.0 = Debug|Any CPU
		{24079A5D-7F04-4462-AA08-951501D6AAC8}.Release|Any CPU.ActiveCfg = Release|Any CPU
		{24079A5D-7F04-4462-AA08-951501D6AAC8}.Release|Any CPU.Build.0 = Release|Any CPU
	EndGlobalSection
	GlobalSection(SolutionProperties) = preSolution
		HideSolutionNode = FALSE
	EndGlobalSection
	GlobalSection(ExtensibilityGlobals) = postSolution
		SolutionGuid = {7EE3EF11-1E0F-4260-BAE2-2504F02626E7}
	EndGlobalSection
EndGlobal
